// !$*UTF8*$!
{
	archiveVersion = 1;
	classes = {
	};
	objectVersion = 55;
	objects = {

/* Begin PBXBuildFile section */
		34CD2ED78909A3B7708BED4B /* Pods_qzela.framework in Frameworks */ = {isa = PBXBuildFile; fileRef = 885B18319CAA7E194A5AE6FC /* Pods_qzela.framework */; };
		6F2FC9BB27622EE9004FDF52 /* NetworkManager.swift in Sources */ = {isa = PBXBuildFile; fileRef = 6F2FC9BA27622EE9004FDF52 /* NetworkManager.swift */; };
		6F4992652779D90700C2515F /* IncidentImageSlide.swift in Sources */ = {isa = PBXBuildFile; fileRef = 6F4992642779D90700C2515F /* IncidentImageSlide.swift */; };
		6F499267277A31D500C2515F /* UILabelExtension.swift in Sources */ = {isa = PBXBuildFile; fileRef = 6F499266277A31D500C2515F /* UILabelExtension.swift */; };
		6F499269277A373700C2515F /* UIViewExtension.swift in Sources */ = {isa = PBXBuildFile; fileRef = 6F499268277A373700C2515F /* UIViewExtension.swift */; };
		6F573203276F9FE2007CF84C /* PhotoViewController.swift in Sources */ = {isa = PBXBuildFile; fileRef = 6F573202276F9FE2007CF84C /* PhotoViewController.swift */; };
		6F5732052770A36B007CF84C /* DialogIncidentViewController.swift in Sources */ = {isa = PBXBuildFile; fileRef = 6F5732042770A36B007CF84C /* DialogIncidentViewController.swift */; };
		6F5CEB6427F4E8D5004C9AA3 /* IncidentTableViewCell.swift in Sources */ = {isa = PBXBuildFile; fileRef = 6F5CEB6327F4E8D5004C9AA3 /* IncidentTableViewCell.swift */; };
		6F66DDA22763A4C100FE0A7B /* LocationHome.gpx in Resources */ = {isa = PBXBuildFile; fileRef = B2D3EE38F3162EC9AE1EAEBE /* LocationHome.gpx */; };
		6F72E8962774CDBE008C30F8 /* IncidentCollectionViewCell.swift in Sources */ = {isa = PBXBuildFile; fileRef = 6F72E8952774CDBE008C30F8 /* IncidentCollectionViewCell.swift */; };
		6F8E4E172787391500D11B67 /* Localizable.strings in Resources */ = {isa = PBXBuildFile; fileRef = 6F8E4E192787391500D11B67 /* Localizable.strings */; };
		6F905AC627BE92FB003E7ED1 /* SegmentsCell.swift in Sources */ = {isa = PBXBuildFile; fileRef = 6F905AC527BE92FB003E7ED1 /* SegmentsCell.swift */; };
		6F99B4612759727800B8A6FC /* mapstyle.json in Resources */ = {isa = PBXBuildFile; fileRef = 6F99B4602759727800B8A6FC /* mapstyle.json */; };
		6F9C2B3D279B470200A87D66 /* SpinnerViewController.swift in Sources */ = {isa = PBXBuildFile; fileRef = 6F9C2B3C279B470200A87D66 /* SpinnerViewController.swift */; };
		6F9E8FAC27C656B800AEE2B6 /* LocationViewController.swift in Sources */ = {isa = PBXBuildFile; fileRef = 6F9E8FAB27C656B800AEE2B6 /* LocationViewController.swift */; };
		6FA420D927BD87C800C85C50 /* SegmentViewController.swift in Sources */ = {isa = PBXBuildFile; fileRef = 6FA420D827BD87C800C85C50 /* SegmentViewController.swift */; };
		6FA6AA8B275CED400099F318 /* GoogleService-Info.plist in Resources */ = {isa = PBXBuildFile; fileRef = 6FA6AA8A275CED400099F318 /* GoogleService-Info.plist */; };
		6FA6AA92275D27240099F318 /* ApolloIOS.swift in Sources */ = {isa = PBXBuildFile; fileRef = 6FA6AA91275D27240099F318 /* ApolloIOS.swift */; };
		6FA6AAA1275D725C0099F318 /* API.swift in Sources */ = {isa = PBXBuildFile; fileRef = 6FA6AAA0275D725C0099F318 /* API.swift */; };
		6FC0E18F27888953006B8772 /* OccurrenceCollectionViewCell.swift in Sources */ = {isa = PBXBuildFile; fileRef = 6FC0E18E27888953006B8772 /* OccurrenceCollectionViewCell.swift */; };
		6FDE7620274816AE0050510C /* AppDelegate.swift in Sources */ = {isa = PBXBuildFile; fileRef = 6FDE761F274816AE0050510C /* AppDelegate.swift */; };
		6FDE7622274816AE0050510C /* SceneDelegate.swift in Sources */ = {isa = PBXBuildFile; fileRef = 6FDE7621274816AE0050510C /* SceneDelegate.swift */; };
		6FDE7624274816AE0050510C /* TabBarController.swift in Sources */ = {isa = PBXBuildFile; fileRef = 6FDE7623274816AE0050510C /* TabBarController.swift */; };
		6FDE7629274816AF0050510C /* Assets.xcassets in Resources */ = {isa = PBXBuildFile; fileRef = 6FDE7628274816AF0050510C /* Assets.xcassets */; };
		6FDE7641274853FF0050510C /* MapTabbarController.swift in Sources */ = {isa = PBXBuildFile; fileRef = 6FDE7640274853FF0050510C /* MapTabbarController.swift */; };
		6FDE7646274976950050510C /* Config.swift in Sources */ = {isa = PBXBuildFile; fileRef = 6FDE7645274976950050510C /* Config.swift */; };
		6FDE764827498E6C0050510C /* LoginViewController.swift in Sources */ = {isa = PBXBuildFile; fileRef = 6FDE764727498E6C0050510C /* LoginViewController.swift */; };
		6FDE764A27498E830050510C /* NotificationViewController.swift in Sources */ = {isa = PBXBuildFile; fileRef = 6FDE764927498E830050510C /* NotificationViewController.swift */; };
		6FDE764C27498E940050510C /* PreviewViewController.swift in Sources */ = {isa = PBXBuildFile; fileRef = 6FDE764B27498E940050510C /* PreviewViewController.swift */; };
		6FDE764E27498EA80050510C /* SplashViewController.swift in Sources */ = {isa = PBXBuildFile; fileRef = 6FDE764D27498EA80050510C /* SplashViewController.swift */; };
		B2D3E0FA6A3C5700EFF2A2A9 /* LocationOther.gpx in Resources */ = {isa = PBXBuildFile; fileRef = B2D3EC3FA1A2DFB430A52E3A /* LocationOther.gpx */; };
		B2D3E1C5E88C94235F28CAFF /* UIViewControllerExtension.swift in Sources */ = {isa = PBXBuildFile; fileRef = B2D3E653E237C2B851CBE136 /* UIViewControllerExtension.swift */; };
		B2D3E3518B63C2035ABBDB71 /* Main.storyboard in Resources */ = {isa = PBXBuildFile; fileRef = B2D3E22C054A35B8E76D21EC /* Main.storyboard */; };
		B2D3E4E7EE493C86327BD114 /* OccurrencesData.swift in Sources */ = {isa = PBXBuildFile; fileRef = B2D3EFC4FCA5CEEBC79A1FF1 /* OccurrencesData.swift */; };
		B2D3E4F87AA88C5CE6D9C655 /* SegmentsData.swift in Sources */ = {isa = PBXBuildFile; fileRef = B2D3EF074CD0ED95359732D0 /* SegmentsData.swift */; };
		B2D3E556D83D200B40C4F280 /* HomeMoving.gpx in Resources */ = {isa = PBXBuildFile; fileRef = B2D3E12913FCACC0982F50C2 /* HomeMoving.gpx */; };
		B2D3E58AD8499D2AFA343C58 /* LoginCitizen.graphql in Resources */ = {isa = PBXBuildFile; fileRef = B2D3E0D96DB45256ED141B9A /* LoginCitizen.graphql */; };
		B2D3E606B79624A8328A4765 /* NearHome.gpx in Resources */ = {isa = PBXBuildFile; fileRef = B2D3E77BAEA6EF84235E53B8 /* NearHome.gpx */; };
		B2D3E6DFE8E199621B066A34 /* NetworkListener.swift in Sources */ = {isa = PBXBuildFile; fileRef = B2D3E7542E8F732C5F399FA3 /* NetworkListener.swift */; };
		B2D3E7237D3B243ED42B4D73 /* GPSLocation.swift in Sources */ = {isa = PBXBuildFile; fileRef = B2D3ED601C88EF9BE044AECD /* GPSLocation.swift */; };
		B2D3E725CE7264CDA41CA798 /* GetCitizenById.graphql in Resources */ = {isa = PBXBuildFile; fileRef = B2D3EEEE62B8B664A98E6AC0 /* GetCitizenById.graphql */; };
		B2D3E7262F2984F7F2139C93 /* GraphqlScalarExtension.swift in Sources */ = {isa = PBXBuildFile; fileRef = B2D3EE9A537C746BDEFEFAA2 /* GraphqlScalarExtension.swift */; };
		B2D3E7B24377AAF36C7DD538 /* UITextFieldExtension.swift in Sources */ = {isa = PBXBuildFile; fileRef = B2D3E431C955F0AB91490A2C /* UITextFieldExtension.swift */; };
		B2D3E7DA1812EBFD111D9E10 /* GetIncidentByCitizenDashboard.graphql in Resources */ = {isa = PBXBuildFile; fileRef = B2D3EDCE23B4B202E93CFC14 /* GetIncidentByCitizenDashboard.graphql */; };
		B2D3E82C464E8EDB57C76FC1 /* IncidentData.swift in Sources */ = {isa = PBXBuildFile; fileRef = B2D3EC4D2D3944AD7EF3AC19 /* IncidentData.swift */; };
		B2D3EA4FDC9FDC616736301C /* Login.swift in Sources */ = {isa = PBXBuildFile; fileRef = B2D3E2C851417C8BAFE9F5C4 /* Login.swift */; };
		B2D3EAA0F043354C8A46A05D /* SetOpenIncident.graphql in Resources */ = {isa = PBXBuildFile; fileRef = B2D3EDFB1FD064F089E33109 /* SetOpenIncident.graphql */; };
		B2D3EB3238FBCFBD1D57E56E /* ProfileTabbarController.swift in Sources */ = {isa = PBXBuildFile; fileRef = B2D3E45F360670433B85C816 /* ProfileTabbarController.swift */; };
		B2D3EC20D55F8424E47351D4 /* UIColorExtension.swift in Sources */ = {isa = PBXBuildFile; fileRef = B2D3E046968EF6A49E0AAF99 /* UIColorExtension.swift */; };
		B2D3EC6910D4FCC55DB6CEF3 /* DashboardTabbarController.swift in Sources */ = {isa = PBXBuildFile; fileRef = B2D3E63EE4256D00455D7EB1 /* DashboardTabbarController.swift */; };
		B2D3ECB81EA2E05970A48DA1 /* OccurrenceSegmentCell.swift in Sources */ = {isa = PBXBuildFile; fileRef = B2D3EDF848DDF994819940A2 /* OccurrenceSegmentCell.swift */; };
		B2D3ED42769AEFDDC100F4CF /* LocalizationExtension.swift in Sources */ = {isa = PBXBuildFile; fileRef = B2D3E0D39CCE03E6C8736CF7 /* LocalizationExtension.swift */; };
		B2D3EE5CCE9B6B04309BEE5E /* Logout.graphql in Resources */ = {isa = PBXBuildFile; fileRef = B2D3E8B34787366AAD1F4377 /* Logout.graphql */; };
/* End PBXBuildFile section */

/* Begin PBXFileReference section */
		2646426392D359D0DDEE7FDF /* Pods-qzela.release.xcconfig */ = {isa = PBXFileReference; includeInIndex = 1; lastKnownFileType = text.xcconfig; name = "Pods-qzela.release.xcconfig"; path = "Target Support Files/Pods-qzela/Pods-qzela.release.xcconfig"; sourceTree = "<group>"; };
		2CB0FB7AB48C9A02AAD5C16B /* Pods-qzela.debug.xcconfig */ = {isa = PBXFileReference; includeInIndex = 1; lastKnownFileType = text.xcconfig; name = "Pods-qzela.debug.xcconfig"; path = "Target Support Files/Pods-qzela/Pods-qzela.debug.xcconfig"; sourceTree = "<group>"; };
		6F2FC9BA27622EE9004FDF52 /* NetworkManager.swift */ = {isa = PBXFileReference; lastKnownFileType = sourcecode.swift; path = NetworkManager.swift; sourceTree = "<group>"; };
		6F4992642779D90700C2515F /* IncidentImageSlide.swift */ = {isa = PBXFileReference; lastKnownFileType = sourcecode.swift; path = IncidentImageSlide.swift; sourceTree = "<group>"; };
		6F499266277A31D500C2515F /* UILabelExtension.swift */ = {isa = PBXFileReference; lastKnownFileType = sourcecode.swift; path = UILabelExtension.swift; sourceTree = "<group>"; };
		6F499268277A373700C2515F /* UIViewExtension.swift */ = {isa = PBXFileReference; lastKnownFileType = sourcecode.swift; path = UIViewExtension.swift; sourceTree = "<group>"; };
		6F573202276F9FE2007CF84C /* PhotoViewController.swift */ = {isa = PBXFileReference; lastKnownFileType = sourcecode.swift; path = PhotoViewController.swift; sourceTree = "<group>"; };
		6F5732042770A36B007CF84C /* DialogIncidentViewController.swift */ = {isa = PBXFileReference; lastKnownFileType = sourcecode.swift; path = DialogIncidentViewController.swift; sourceTree = "<group>"; };
		6F5CEB6327F4E8D5004C9AA3 /* IncidentTableViewCell.swift */ = {isa = PBXFileReference; lastKnownFileType = sourcecode.swift; path = IncidentTableViewCell.swift; sourceTree = "<group>"; };
		6F72E8952774CDBE008C30F8 /* IncidentCollectionViewCell.swift */ = {isa = PBXFileReference; lastKnownFileType = sourcecode.swift; path = IncidentCollectionViewCell.swift; sourceTree = "<group>"; };
		6F8E4E13278711AF00D11B67 /* GetIncidentsById.graphql */ = {isa = PBXFileReference; lastKnownFileType = text; path = GetIncidentsById.graphql; sourceTree = "<group>"; };
		6F8E4E182787391500D11B67 /* pt-BR */ = {isa = PBXFileReference; lastKnownFileType = text.plist.strings; name = "pt-BR"; path = "pt-BR.lproj/Localizable.strings"; sourceTree = "<group>"; };
		6F8E4E1A2787391A00D11B67 /* pt-PT */ = {isa = PBXFileReference; lastKnownFileType = text.plist.strings; name = "pt-PT"; path = "pt-PT.lproj/Localizable.strings"; sourceTree = "<group>"; };
		6F8E4E1B2787391B00D11B67 /* es */ = {isa = PBXFileReference; lastKnownFileType = text.plist.strings; name = es; path = es.lproj/Localizable.strings; sourceTree = "<group>"; };
		6F8E4E1C2787392B00D11B67 /* en */ = {isa = PBXFileReference; lastKnownFileType = text.plist.strings; name = en; path = en.lproj/Localizable.strings; sourceTree = "<group>"; };
		6F905AC527BE92FB003E7ED1 /* SegmentsCell.swift */ = {isa = PBXFileReference; lastKnownFileType = sourcecode.swift; path = SegmentsCell.swift; sourceTree = "<group>"; };
		6F99B4602759727800B8A6FC /* mapstyle.json */ = {isa = PBXFileReference; lastKnownFileType = text.json; path = mapstyle.json; sourceTree = "<group>"; };
		6F9C2B3C279B470200A87D66 /* SpinnerViewController.swift */ = {isa = PBXFileReference; lastKnownFileType = sourcecode.swift; path = SpinnerViewController.swift; sourceTree = "<group>"; };
		6F9E8FAB27C656B800AEE2B6 /* LocationViewController.swift */ = {isa = PBXFileReference; lastKnownFileType = sourcecode.swift; path = LocationViewController.swift; sourceTree = "<group>"; };
		6FA420D827BD87C800C85C50 /* SegmentViewController.swift */ = {isa = PBXFileReference; lastKnownFileType = sourcecode.swift; path = SegmentViewController.swift; sourceTree = "<group>"; };
		6FA420DA27BD8A5300C85C50 /* GetOccurrence.graphql */ = {isa = PBXFileReference; lastKnownFileType = text; path = GetOccurrence.graphql; sourceTree = "<group>"; };
		6FA6AA8A275CED400099F318 /* GoogleService-Info.plist */ = {isa = PBXFileReference; lastKnownFileType = text.plist.xml; path = "GoogleService-Info.plist"; sourceTree = "<group>"; };
		6FA6AA91275D27240099F318 /* ApolloIOS.swift */ = {isa = PBXFileReference; lastKnownFileType = sourcecode.swift; path = ApolloIOS.swift; sourceTree = "<group>"; };
		6FA6AA9E275D6B740099F318 /* schema.json */ = {isa = PBXFileReference; lastKnownFileType = text.json; path = schema.json; sourceTree = "<group>"; };
		6FA6AAA0275D725C0099F318 /* API.swift */ = {isa = PBXFileReference; fileEncoding = 4; lastKnownFileType = sourcecode.swift; path = API.swift; sourceTree = "<group>"; };
		6FA6AAA2275E42FB0099F318 /* GetViewport.graphql */ = {isa = PBXFileReference; lastKnownFileType = text; path = GetViewport.graphql; sourceTree = "<group>"; };
		6FA6AAA3275E45B20099F318 /* GetSegments.graphql */ = {isa = PBXFileReference; lastKnownFileType = text; path = GetSegments.graphql; sourceTree = "<group>"; };
		6FAFB9B3276D270300CD5C23 /* GetHealth.graphql */ = {isa = PBXFileReference; lastKnownFileType = text; path = GetHealth.graphql; sourceTree = "<group>"; };
		6FC0E18E27888953006B8772 /* OccurrenceCollectionViewCell.swift */ = {isa = PBXFileReference; lastKnownFileType = sourcecode.swift; path = OccurrenceCollectionViewCell.swift; sourceTree = "<group>"; };
		6FDE761C274816AE0050510C /* qzela.app */ = {isa = PBXFileReference; explicitFileType = wrapper.application; includeInIndex = 0; path = qzela.app; sourceTree = BUILT_PRODUCTS_DIR; };
		6FDE761F274816AE0050510C /* AppDelegate.swift */ = {isa = PBXFileReference; lastKnownFileType = sourcecode.swift; path = AppDelegate.swift; sourceTree = "<group>"; };
		6FDE7621274816AE0050510C /* SceneDelegate.swift */ = {isa = PBXFileReference; lastKnownFileType = sourcecode.swift; path = SceneDelegate.swift; sourceTree = "<group>"; };
		6FDE7623274816AE0050510C /* TabBarController.swift */ = {isa = PBXFileReference; lastKnownFileType = sourcecode.swift; path = TabBarController.swift; sourceTree = "<group>"; };
		6FDE7628274816AF0050510C /* Assets.xcassets */ = {isa = PBXFileReference; lastKnownFileType = folder.assetcatalog; path = Assets.xcassets; sourceTree = "<group>"; };
		6FDE762D274816AF0050510C /* Info.plist */ = {isa = PBXFileReference; lastKnownFileType = text.plist.xml; path = Info.plist; sourceTree = "<group>"; };
		6FDE7640274853FF0050510C /* MapTabbarController.swift */ = {isa = PBXFileReference; lastKnownFileType = sourcecode.swift; path = MapTabbarController.swift; sourceTree = "<group>"; };
		6FDE7645274976950050510C /* Config.swift */ = {isa = PBXFileReference; lastKnownFileType = sourcecode.swift; path = Config.swift; sourceTree = "<group>"; };
		6FDE764727498E6C0050510C /* LoginViewController.swift */ = {isa = PBXFileReference; lastKnownFileType = sourcecode.swift; path = LoginViewController.swift; sourceTree = "<group>"; };
		6FDE764927498E830050510C /* NotificationViewController.swift */ = {isa = PBXFileReference; lastKnownFileType = sourcecode.swift; path = NotificationViewController.swift; sourceTree = "<group>"; };
		6FDE764B27498E940050510C /* PreviewViewController.swift */ = {isa = PBXFileReference; lastKnownFileType = sourcecode.swift; path = PreviewViewController.swift; sourceTree = "<group>"; };
		6FDE764D27498EA80050510C /* SplashViewController.swift */ = {isa = PBXFileReference; lastKnownFileType = sourcecode.swift; path = SplashViewController.swift; sourceTree = "<group>"; };
		885B18319CAA7E194A5AE6FC /* Pods_qzela.framework */ = {isa = PBXFileReference; explicitFileType = wrapper.framework; includeInIndex = 0; path = Pods_qzela.framework; sourceTree = BUILT_PRODUCTS_DIR; };
		B2D3E046968EF6A49E0AAF99 /* UIColorExtension.swift */ = {isa = PBXFileReference; fileEncoding = 4; lastKnownFileType = sourcecode.swift; path = UIColorExtension.swift; sourceTree = "<group>"; };
		B2D3E0D39CCE03E6C8736CF7 /* LocalizationExtension.swift */ = {isa = PBXFileReference; fileEncoding = 4; lastKnownFileType = sourcecode.swift; path = LocalizationExtension.swift; sourceTree = "<group>"; };
		B2D3E0D96DB45256ED141B9A /* LoginCitizen.graphql */ = {isa = PBXFileReference; lastKnownFileType = file.graphql; path = LoginCitizen.graphql; sourceTree = "<group>"; };
		B2D3E12913FCACC0982F50C2 /* HomeMoving.gpx */ = {isa = PBXFileReference; lastKnownFileType = file.gpx; path = HomeMoving.gpx; sourceTree = "<group>"; };
		B2D3E22C054A35B8E76D21EC /* Main.storyboard */ = {isa = PBXFileReference; lastKnownFileType = file.storyboard; path = Main.storyboard; sourceTree = "<group>"; };
		B2D3E2C851417C8BAFE9F5C4 /* Login.swift */ = {isa = PBXFileReference; fileEncoding = 4; lastKnownFileType = sourcecode.swift; path = Login.swift; sourceTree = "<group>"; };
		B2D3E431C955F0AB91490A2C /* UITextFieldExtension.swift */ = {isa = PBXFileReference; fileEncoding = 4; lastKnownFileType = sourcecode.swift; path = UITextFieldExtension.swift; sourceTree = "<group>"; };
		B2D3E45F360670433B85C816 /* ProfileTabbarController.swift */ = {isa = PBXFileReference; fileEncoding = 4; lastKnownFileType = sourcecode.swift; path = ProfileTabbarController.swift; sourceTree = "<group>"; };
		B2D3E63EE4256D00455D7EB1 /* DashboardTabbarController.swift */ = {isa = PBXFileReference; fileEncoding = 4; lastKnownFileType = sourcecode.swift; path = DashboardTabbarController.swift; sourceTree = "<group>"; };
		B2D3E653E237C2B851CBE136 /* UIViewControllerExtension.swift */ = {isa = PBXFileReference; fileEncoding = 4; lastKnownFileType = sourcecode.swift; path = UIViewControllerExtension.swift; sourceTree = "<group>"; };
		B2D3E7542E8F732C5F399FA3 /* NetworkListener.swift */ = {isa = PBXFileReference; fileEncoding = 4; lastKnownFileType = sourcecode.swift; path = NetworkListener.swift; sourceTree = "<group>"; };
		B2D3E77BAEA6EF84235E53B8 /* NearHome.gpx */ = {isa = PBXFileReference; lastKnownFileType = file.gpx; path = NearHome.gpx; sourceTree = "<group>"; };
		B2D3E8B34787366AAD1F4377 /* Logout.graphql */ = {isa = PBXFileReference; lastKnownFileType = file.graphql; path = Logout.graphql; sourceTree = "<group>"; };
		B2D3E8D79BEF72A040E4CBD7 /* Pods-qzela.release.xcconfig */ = {isa = PBXFileReference; fileEncoding = 4; lastKnownFileType = text.xcconfig; name = "Pods-qzela.release.xcconfig"; path = "Target Support Files/Pods-qzela/Pods-qzela.release.xcconfig"; sourceTree = "<group>"; };
		B2D3EC006E813BCEDD5AB701 /* Pods-qzela.debug.xcconfig */ = {isa = PBXFileReference; fileEncoding = 4; lastKnownFileType = text.xcconfig; name = "Pods-qzela.debug.xcconfig"; path = "Target Support Files/Pods-qzela/Pods-qzela.debug.xcconfig"; sourceTree = "<group>"; };
		B2D3EC3FA1A2DFB430A52E3A /* LocationOther.gpx */ = {isa = PBXFileReference; lastKnownFileType = file.gpx; path = LocationOther.gpx; sourceTree = "<group>"; };
		B2D3EC4D2D3944AD7EF3AC19 /* IncidentData.swift */ = {isa = PBXFileReference; fileEncoding = 4; lastKnownFileType = sourcecode.swift; path = IncidentData.swift; sourceTree = "<group>"; };
		B2D3ED601C88EF9BE044AECD /* GPSLocation.swift */ = {isa = PBXFileReference; fileEncoding = 4; lastKnownFileType = sourcecode.swift; path = GPSLocation.swift; sourceTree = "<group>"; };
		B2D3EDCE23B4B202E93CFC14 /* GetIncidentByCitizenDashboard.graphql */ = {isa = PBXFileReference; lastKnownFileType = file.graphql; path = GetIncidentByCitizenDashboard.graphql; sourceTree = "<group>"; };
		B2D3EDF848DDF994819940A2 /* OccurrenceSegmentCell.swift */ = {isa = PBXFileReference; fileEncoding = 4; lastKnownFileType = sourcecode.swift; path = OccurrenceSegmentCell.swift; sourceTree = "<group>"; };
		B2D3EDFB1FD064F089E33109 /* SetOpenIncident.graphql */ = {isa = PBXFileReference; lastKnownFileType = file.graphql; path = SetOpenIncident.graphql; sourceTree = "<group>"; };
		B2D3EE38F3162EC9AE1EAEBE /* LocationHome.gpx */ = {isa = PBXFileReference; lastKnownFileType = file.gpx; path = LocationHome.gpx; sourceTree = "<group>"; };
		B2D3EE9A537C746BDEFEFAA2 /* GraphqlScalarExtension.swift */ = {isa = PBXFileReference; fileEncoding = 4; lastKnownFileType = sourcecode.swift; path = GraphqlScalarExtension.swift; sourceTree = "<group>"; };
		B2D3EEEE62B8B664A98E6AC0 /* GetCitizenById.graphql */ = {isa = PBXFileReference; lastKnownFileType = file.graphql; path = GetCitizenById.graphql; sourceTree = "<group>"; };
		B2D3EF074CD0ED95359732D0 /* SegmentsData.swift */ = {isa = PBXFileReference; fileEncoding = 4; lastKnownFileType = sourcecode.swift; path = SegmentsData.swift; sourceTree = "<group>"; };
		B2D3EFC4FCA5CEEBC79A1FF1 /* OccurrencesData.swift */ = {isa = PBXFileReference; fileEncoding = 4; lastKnownFileType = sourcecode.swift; path = OccurrencesData.swift; sourceTree = "<group>"; };
/* End PBXFileReference section */

/* Begin PBXFrameworksBuildPhase section */
		6FDE7619274816AE0050510C /* Frameworks */ = {
			isa = PBXFrameworksBuildPhase;
			buildActionMask = 2147483647;
			files = (
				34CD2ED78909A3B7708BED4B /* Pods_qzela.framework in Frameworks */,
			);
			runOnlyForDeploymentPostprocessing = 0;
		};
/* End PBXFrameworksBuildPhase section */

/* Begin PBXGroup section */
		2EDDD1ACEB49CD3C9C2B8F74 /* Pods */ = {
			isa = PBXGroup;
			children = (
				2CB0FB7AB48C9A02AAD5C16B /* Pods-qzela.debug.xcconfig */,
				2646426392D359D0DDEE7FDF /* Pods-qzela.release.xcconfig */,
			);
			path = Pods;
			sourceTree = "<group>";
		};
		6F5CEB6227F4E887004C9AA3 /* Helper */ = {
			isa = PBXGroup;
			children = (
				6F5CEB6327F4E8D5004C9AA3 /* IncidentTableViewCell.swift */,
			);
			path = Helper;
			sourceTree = "<group>";
		};
		6F72E8942774A823008C30F8 /* Extensions */ = {
			isa = PBXGroup;
			children = (
				6F499266277A31D500C2515F /* UILabelExtension.swift */,
				6F499268277A373700C2515F /* UIViewExtension.swift */,
				B2D3E046968EF6A49E0AAF99 /* UIColorExtension.swift */,
				B2D3EE9A537C746BDEFEFAA2 /* GraphqlScalarExtension.swift */,
				B2D3E0D39CCE03E6C8736CF7 /* LocalizationExtension.swift */,
				B2D3E653E237C2B851CBE136 /* UIViewControllerExtension.swift */,
				B2D3E431C955F0AB91490A2C /* UITextFieldExtension.swift */,
			);
			path = Extensions;
			sourceTree = "<group>";
		};
		6F8E4E14278737FD00D11B67 /* Settings */ = {
			isa = PBXGroup;
			children = (
				6FDE7628274816AF0050510C /* Assets.xcassets */,
				6FDE7645274976950050510C /* Config.swift */,
				6F8E4E192787391500D11B67 /* Localizable.strings */,
			);
			path = Settings;
			sourceTree = "<group>";
		};
		6F905AC427BE92AE003E7ED1 /* Helpers */ = {
			isa = PBXGroup;
			children = (
				6F905AC527BE92FB003E7ED1 /* SegmentsCell.swift */,
				B2D3EDF848DDF994819940A2 /* OccurrenceSegmentCell.swift */,
			);
			path = Helpers;
			sourceTree = "<group>";
		};
		6F9E8FAA27C6569600AEE2B6 /* Location Fragment */ = {
			isa = PBXGroup;
			children = (
				6F9E8FAB27C656B800AEE2B6 /* LocationViewController.swift */,
			);
			path = "Location Fragment";
			sourceTree = "<group>";
		};
		6FA420D127BD745E00C85C50 /* Photo Fragment */ = {
			isa = PBXGroup;
			children = (
				6FA420D627BD74FA00C85C50 /* Helpers */,
				6F573202276F9FE2007CF84C /* PhotoViewController.swift */,
			);
			path = "Photo Fragment";
			sourceTree = "<group>";
		};
		6FA420D227BD748200C85C50 /* Map Fragment */ = {
			isa = PBXGroup;
			children = (
				6FDE763C27484D7D0050510C /* Models */,
				6FA420D727BD758000C85C50 /* Helpers */,
				6FDE7640274853FF0050510C /* MapTabbarController.swift */,
				6F5732042770A36B007CF84C /* DialogIncidentViewController.swift */,
			);
			path = "Map Fragment";
			sourceTree = "<group>";
		};
		6FA420D327BD749400C85C50 /* Login Fragment */ = {
			isa = PBXGroup;
			children = (
				6FDE764727498E6C0050510C /* LoginViewController.swift */,
			);
			path = "Login Fragment";
			sourceTree = "<group>";
		};
		6FA420D427BD74A500C85C50 /* Generic Fagments */ = {
			isa = PBXGroup;
			children = (
				6FDE764B27498E940050510C /* PreviewViewController.swift */,
			);
			path = "Generic Fagments";
			sourceTree = "<group>";
		};
		6FA420D527BD74BE00C85C50 /* Segment Fragment */ = {
			isa = PBXGroup;
			children = (
				6F905AC427BE92AE003E7ED1 /* Helpers */,
				6FA420D827BD87C800C85C50 /* SegmentViewController.swift */,
				B2D3EBA0FEE20A16764AEFD8 /* Models */,
			);
			path = "Segment Fragment";
			sourceTree = "<group>";
		};
		6FA420D627BD74FA00C85C50 /* Helpers */ = {
			isa = PBXGroup;
			children = (
			);
			path = Helpers;
			sourceTree = "<group>";
		};
		6FA420D727BD758000C85C50 /* Helpers */ = {
			isa = PBXGroup;
			children = (
				6F72E8952774CDBE008C30F8 /* IncidentCollectionViewCell.swift */,
				6FC0E18E27888953006B8772 /* OccurrenceCollectionViewCell.swift */,
			);
			path = Helpers;
			sourceTree = "<group>";
		};
		6FA4DC3A2754F4A4004B5441 /* Helpers */ = {
			isa = PBXGroup;
			children = (
				B2D3ED601C88EF9BE044AECD /* GPSLocation.swift */,
				6F2FC9BA27622EE9004FDF52 /* NetworkManager.swift */,
				B2D3EE38F3162EC9AE1EAEBE /* LocationHome.gpx */,
				B2D3E12913FCACC0982F50C2 /* HomeMoving.gpx */,
				B2D3EC3FA1A2DFB430A52E3A /* LocationOther.gpx */,
				B2D3E77BAEA6EF84235E53B8 /* NearHome.gpx */,
				B2D3E7542E8F732C5F399FA3 /* NetworkListener.swift */,
				6F9C2B3C279B470200A87D66 /* SpinnerViewController.swift */,
				B2D3E2C851417C8BAFE9F5C4 /* Login.swift */,
			);
			path = Helpers;
			sourceTree = "<group>";
		};
		6FA6AA97275D5ED70099F318 /* Graphql */ = {
			isa = PBXGroup;
			children = (
				6FA6AA91275D27240099F318 /* ApolloIOS.swift */,
			);
			path = Graphql;
			sourceTree = "<group>";
		};
		6FDE7613274816AD0050510C = {
			isa = PBXGroup;
			children = (
				6FA6AA8A275CED400099F318 /* GoogleService-Info.plist */,
				6F99B4602759727800B8A6FC /* mapstyle.json */,
				6FDE761E274816AE0050510C /* qzela */,
				6FDE761D274816AE0050510C /* Products */,
				C127EF4DADB25F149B8062E5 /* Frameworks */,
				2EDDD1ACEB49CD3C9C2B8F74 /* Pods */,
			);
			sourceTree = "<group>";
		};
		6FDE761D274816AE0050510C /* Products */ = {
			isa = PBXGroup;
			children = (
				6FDE761C274816AE0050510C /* qzela.app */,
				B2D3E51884172BDAE62B417E /* Pods */,
			);
			name = Products;
			sourceTree = "<group>";
		};
		6FDE761E274816AE0050510C /* qzela */ = {
			isa = PBXGroup;
			children = (
				B2D3E694DE9B65DECC7202CF /* Dashboard Fragment */,
				6F9E8FAA27C6569600AEE2B6 /* Location Fragment */,
				6FA420D527BD74BE00C85C50 /* Segment Fragment */,
				6FA420D427BD74A500C85C50 /* Generic Fagments */,
				6FA420D327BD749400C85C50 /* Login Fragment */,
				6FA420D227BD748200C85C50 /* Map Fragment */,
				6FA420D127BD745E00C85C50 /* Photo Fragment */,
				B2D3E3A2664ECBC7681F2938 /* Profile Fragment */,
				6F8E4E14278737FD00D11B67 /* Settings */,
				6F72E8942774A823008C30F8 /* Extensions */,
				6FA6AAA0275D725C0099F318 /* API.swift */,
				6FA6AA9E275D6B740099F318 /* schema.json */,
				6FA6AA97275D5ED70099F318 /* Graphql */,
				6FA4DC3A2754F4A4004B5441 /* Helpers */,
				6FDE761F274816AE0050510C /* AppDelegate.swift */,
				6FDE7621274816AE0050510C /* SceneDelegate.swift */,
				6FDE762D274816AF0050510C /* Info.plist */,
				6FDE763D274853820050510C /* Tabbar Controllers */,
				6FDE763B274837390050510C /* View Controllers */,
				6FA6AAA2275E42FB0099F318 /* GetViewport.graphql */,
				6F8E4E13278711AF00D11B67 /* GetIncidentsById.graphql */,
				6FAFB9B3276D270300CD5C23 /* GetHealth.graphql */,
				6FA6AAA3275E45B20099F318 /* GetSegments.graphql */,
				6FA420DA27BD8A5300C85C50 /* GetOccurrence.graphql */,
				B2D3E22C054A35B8E76D21EC /* Main.storyboard */,
				B2D3EDFB1FD064F089E33109 /* SetOpenIncident.graphql */,
				B2D3E0D96DB45256ED141B9A /* LoginCitizen.graphql */,
				B2D3E8B34787366AAD1F4377 /* Logout.graphql */,
				B2D3EEEE62B8B664A98E6AC0 /* GetCitizenById.graphql */,
				B2D3EDCE23B4B202E93CFC14 /* GetIncidentByCitizenDashboard.graphql */,
			);
			path = qzela;
			sourceTree = "<group>";
		};
		6FDE763B274837390050510C /* View Controllers */ = {
			isa = PBXGroup;
			children = (
				6FDE764927498E830050510C /* NotificationViewController.swift */,
				6FDE764D27498EA80050510C /* SplashViewController.swift */,
			);
			path = "View Controllers";
			sourceTree = "<group>";
		};
		6FDE763C27484D7D0050510C /* Models */ = {
			isa = PBXGroup;
			children = (
				6F4992642779D90700C2515F /* IncidentImageSlide.swift */,
			);
			path = Models;
			sourceTree = "<group>";
		};
		6FDE763D274853820050510C /* Tabbar Controllers */ = {
			isa = PBXGroup;
			children = (
				6FDE7623274816AE0050510C /* TabBarController.swift */,
			);
			path = "Tabbar Controllers";
			sourceTree = "<group>";
		};
		B2D3E2F26C849A469DB0F90C /* Models */ = {
			isa = PBXGroup;
			children = (
				B2D3EC4D2D3944AD7EF3AC19 /* IncidentData.swift */,
			);
			path = Models;
			sourceTree = "<group>";
		};
		B2D3E3A2664ECBC7681F2938 /* Profile Fragment */ = {
			isa = PBXGroup;
			children = (
				B2D3E45F360670433B85C816 /* ProfileTabbarController.swift */,
			);
			path = "Profile Fragment";
			sourceTree = "<group>";
		};
		B2D3E51884172BDAE62B417E /* Pods */ = {
			isa = PBXGroup;
			children = (
				B2D3EC006E813BCEDD5AB701 /* Pods-qzela.debug.xcconfig */,
				B2D3E8D79BEF72A040E4CBD7 /* Pods-qzela.release.xcconfig */,
			);
			path = Pods;
			sourceTree = "<group>";
		};
		B2D3E694DE9B65DECC7202CF /* Dashboard Fragment */ = {
			isa = PBXGroup;
			children = (
				6F5CEB6227F4E887004C9AA3 /* Helper */,
				B2D3E63EE4256D00455D7EB1 /* DashboardTabbarController.swift */,
				B2D3E2F26C849A469DB0F90C /* Models */,
			);
			path = "Dashboard Fragment";
			sourceTree = "<group>";
		};
		B2D3EBA0FEE20A16764AEFD8 /* Models */ = {
			isa = PBXGroup;
			children = (
				B2D3EF074CD0ED95359732D0 /* SegmentsData.swift */,
				B2D3EFC4FCA5CEEBC79A1FF1 /* OccurrencesData.swift */,
			);
			path = Models;
			sourceTree = "<group>";
		};
		C127EF4DADB25F149B8062E5 /* Frameworks */ = {
			isa = PBXGroup;
			children = (
				885B18319CAA7E194A5AE6FC /* Pods_qzela.framework */,
			);
			name = Frameworks;
			sourceTree = "<group>";
		};
/* End PBXGroup section */

/* Begin PBXNativeTarget section */
		6FDE761B274816AE0050510C /* qzela */ = {
			isa = PBXNativeTarget;
			buildConfigurationList = 6FDE7630274816AF0050510C /* Build configuration list for PBXNativeTarget "qzela" */;
			buildPhases = (
				D0F5401F4F1B4C4695EA4F5F /* [CP] Check Pods Manifest.lock */,
				E575E83D079DCF8B40C38071 /* [CP] Copy Pods Resources */,
				B2CBB655DA2B7B6AF1EBE609 /* [CP] Embed Pods Frameworks */,
				6FA6AA8C275D0EF30099F318 /* Generate Apollo GraphQL API */,
				6FDE7618274816AE0050510C /* Sources */,
				6FDE7619274816AE0050510C /* Frameworks */,
				6FDE761A274816AE0050510C /* Resources */,
			);
			buildRules = (
			);
			dependencies = (
			);
			name = qzela;
			productName = qzela;
			productReference = 6FDE761C274816AE0050510C /* qzela.app */;
			productType = "com.apple.product-type.application";
		};
/* End PBXNativeTarget section */

/* Begin PBXProject section */
		6FDE7614274816AD0050510C /* Project object */ = {
			isa = PBXProject;
			attributes = {
				BuildIndependentTargetsInParallel = 1;
				LastSwiftUpdateCheck = 1310;
				LastUpgradeCheck = 1330;
				TargetAttributes = {
					6FDE761B274816AE0050510C = {
						CreatedOnToolsVersion = 13.1;
					};
				};
			};
			buildConfigurationList = 6FDE7617274816AD0050510C /* Build configuration list for PBXProject "qzela" */;
			compatibilityVersion = "Xcode 13.0";
			developmentRegion = en;
			hasScannedForEncodings = 0;
			knownRegions = (
				en,
				Base,
				"pt-BR",
				"pt-PT",
				es,
			);
			mainGroup = 6FDE7613274816AD0050510C;
			productRefGroup = 6FDE761D274816AE0050510C /* Products */;
			projectDirPath = "";
			projectRoot = "";
			targets = (
				6FDE761B274816AE0050510C /* qzela */,
			);
		};
/* End PBXProject section */

/* Begin PBXResourcesBuildPhase section */
		6FDE761A274816AE0050510C /* Resources */ = {
			isa = PBXResourcesBuildPhase;
			buildActionMask = 2147483647;
			files = (
				6F66DDA22763A4C100FE0A7B /* LocationHome.gpx in Resources */,
				6FA6AA8B275CED400099F318 /* GoogleService-Info.plist in Resources */,
				6F99B4612759727800B8A6FC /* mapstyle.json in Resources */,
				6FDE7629274816AF0050510C /* Assets.xcassets in Resources */,
				6F8E4E172787391500D11B67 /* Localizable.strings in Resources */,
				B2D3E3518B63C2035ABBDB71 /* Main.storyboard in Resources */,
				B2D3E556D83D200B40C4F280 /* HomeMoving.gpx in Resources */,
				B2D3E0FA6A3C5700EFF2A2A9 /* LocationOther.gpx in Resources */,
				B2D3E606B79624A8328A4765 /* NearHome.gpx in Resources */,
				B2D3EAA0F043354C8A46A05D /* SetOpenIncident.graphql in Resources */,
				B2D3E58AD8499D2AFA343C58 /* LoginCitizen.graphql in Resources */,
				B2D3EE5CCE9B6B04309BEE5E /* Logout.graphql in Resources */,
				B2D3E725CE7264CDA41CA798 /* GetCitizenById.graphql in Resources */,
				B2D3E7DA1812EBFD111D9E10 /* GetIncidentByCitizenDashboard.graphql in Resources */,
			);
			runOnlyForDeploymentPostprocessing = 0;
		};
/* End PBXResourcesBuildPhase section */

/* Begin PBXShellScriptBuildPhase section */
		6FA6AA8C275D0EF30099F318 /* Generate Apollo GraphQL API */ = {
			isa = PBXShellScriptBuildPhase;
			buildActionMask = 12;
			files = (
			);
			inputFileListPaths = (
			);
			inputPaths = (
			);
			name = "Generate Apollo GraphQL API";
			outputFileListPaths = (
			);
			outputPaths = (
			);
			runOnlyForDeploymentPostprocessing = 0;
			shellPath = /bin/sh;
			shellScript = "# Don't run this during index builds\nif [ $ACTION = \"indexbuild\" ]; then exit 0; fi\n\nSCRIPT_PATH=\"${PODS_ROOT}/Apollo/scripts\"\ncd \"${SRCROOT}/${TARGET_NAME}\"\n\"${SCRIPT_PATH}\"/run-bundled-codegen.sh codegen:generate --target=swift --includes=./**/*.graphql --passthroughCustomScalars --localSchemaFile=\"schema.json\" API.swift\n";
		};
		B2CBB655DA2B7B6AF1EBE609 /* [CP] Embed Pods Frameworks */ = {
			isa = PBXShellScriptBuildPhase;
			buildActionMask = 2147483647;
			files = (
			);
			inputFileListPaths = (
				"${PODS_ROOT}/Target Support Files/Pods-qzela/Pods-qzela-frameworks-${CONFIGURATION}-input-files.xcfilelist",
			);
			name = "[CP] Embed Pods Frameworks";
			outputFileListPaths = (
				"${PODS_ROOT}/Target Support Files/Pods-qzela/Pods-qzela-frameworks-${CONFIGURATION}-output-files.xcfilelist",
			);
			runOnlyForDeploymentPostprocessing = 0;
			shellPath = /bin/sh;
			shellScript = "\"${PODS_ROOT}/Target Support Files/Pods-qzela/Pods-qzela-frameworks.sh\"\n";
			showEnvVarsInLog = 0;
		};
		D0F5401F4F1B4C4695EA4F5F /* [CP] Check Pods Manifest.lock */ = {
			isa = PBXShellScriptBuildPhase;
			buildActionMask = 2147483647;
			files = (
			);
			inputFileListPaths = (
			);
			inputPaths = (
				"${PODS_PODFILE_DIR_PATH}/Podfile.lock",
				"${PODS_ROOT}/Manifest.lock",
			);
			name = "[CP] Check Pods Manifest.lock";
			outputFileListPaths = (
			);
			outputPaths = (
				"$(DERIVED_FILE_DIR)/Pods-qzela-checkManifestLockResult.txt",
			);
			runOnlyForDeploymentPostprocessing = 0;
			shellPath = /bin/sh;
			shellScript = "diff \"${PODS_PODFILE_DIR_PATH}/Podfile.lock\" \"${PODS_ROOT}/Manifest.lock\" > /dev/null\nif [ $? != 0 ] ; then\n    # print error to STDERR\n    echo \"error: The sandbox is not in sync with the Podfile.lock. Run 'pod install' or update your CocoaPods installation.\" >&2\n    exit 1\nfi\n# This output is used by Xcode 'outputs' to avoid re-running this script phase.\necho \"SUCCESS\" > \"${SCRIPT_OUTPUT_FILE_0}\"\n";
			showEnvVarsInLog = 0;
		};
		E575E83D079DCF8B40C38071 /* [CP] Copy Pods Resources */ = {
			isa = PBXShellScriptBuildPhase;
			buildActionMask = 2147483647;
			files = (
			);
			inputFileListPaths = (
				"${PODS_ROOT}/Target Support Files/Pods-qzela/Pods-qzela-resources-${CONFIGURATION}-input-files.xcfilelist",
			);
			name = "[CP] Copy Pods Resources";
			outputFileListPaths = (
				"${PODS_ROOT}/Target Support Files/Pods-qzela/Pods-qzela-resources-${CONFIGURATION}-output-files.xcfilelist",
			);
			runOnlyForDeploymentPostprocessing = 0;
			shellPath = /bin/sh;
			shellScript = "\"${PODS_ROOT}/Target Support Files/Pods-qzela/Pods-qzela-resources.sh\"\n";
			showEnvVarsInLog = 0;
		};
/* End PBXShellScriptBuildPhase section */

/* Begin PBXSourcesBuildPhase section */
		6FDE7618274816AE0050510C /* Sources */ = {
			isa = PBXSourcesBuildPhase;
			buildActionMask = 2147483647;
			files = (
				6FDE7641274853FF0050510C /* MapTabbarController.swift in Sources */,
				6FC0E18F27888953006B8772 /* OccurrenceCollectionViewCell.swift in Sources */,
				6F499269277A373700C2515F /* UIViewExtension.swift in Sources */,
				6FDE7624274816AE0050510C /* TabBarController.swift in Sources */,
				6FDE764C27498E940050510C /* PreviewViewController.swift in Sources */,
				6F499267277A31D500C2515F /* UILabelExtension.swift in Sources */,
				6FDE7646274976950050510C /* Config.swift in Sources */,
				6F4992652779D90700C2515F /* IncidentImageSlide.swift in Sources */,
				6FA6AA92275D27240099F318 /* ApolloIOS.swift in Sources */,
				6FA6AAA1275D725C0099F318 /* API.swift in Sources */,
				6FDE764827498E6C0050510C /* LoginViewController.swift in Sources */,
				6FDE764A27498E830050510C /* NotificationViewController.swift in Sources */,
				6F573203276F9FE2007CF84C /* PhotoViewController.swift in Sources */,
				6FDE7620274816AE0050510C /* AppDelegate.swift in Sources */,
				6F9C2B3D279B470200A87D66 /* SpinnerViewController.swift in Sources */,
				6FDE7622274816AE0050510C /* SceneDelegate.swift in Sources */,
				6F905AC627BE92FB003E7ED1 /* SegmentsCell.swift in Sources */,
				6F5CEB6427F4E8D5004C9AA3 /* IncidentTableViewCell.swift in Sources */,
				6F2FC9BB27622EE9004FDF52 /* NetworkManager.swift in Sources */,
				6FDE764E27498EA80050510C /* SplashViewController.swift in Sources */,
				6F9E8FAC27C656B800AEE2B6 /* LocationViewController.swift in Sources */,
				6F72E8962774CDBE008C30F8 /* IncidentCollectionViewCell.swift in Sources */,
				6F5732052770A36B007CF84C /* DialogIncidentViewController.swift in Sources */,
				B2D3E7237D3B243ED42B4D73 /* GPSLocation.swift in Sources */,
				B2D3E6DFE8E199621B066A34 /* NetworkListener.swift in Sources */,
				B2D3EC20D55F8424E47351D4 /* UIColorExtension.swift in Sources */,
				B2D3E7262F2984F7F2139C93 /* GraphqlScalarExtension.swift in Sources */,
				B2D3ED42769AEFDDC100F4CF /* LocalizationExtension.swift in Sources */,
				B2D3E1C5E88C94235F28CAFF /* UIViewControllerExtension.swift in Sources */,
				6FA420D927BD87C800C85C50 /* SegmentViewController.swift in Sources */,
				B2D3ECB81EA2E05970A48DA1 /* OccurrenceSegmentCell.swift in Sources */,
				B2D3E4F87AA88C5CE6D9C655 /* SegmentsData.swift in Sources */,
				B2D3E4E7EE493C86327BD114 /* OccurrencesData.swift in Sources */,
				B2D3E7B24377AAF36C7DD538 /* UITextFieldExtension.swift in Sources */,
				B2D3EA4FDC9FDC616736301C /* Login.swift in Sources */,
				B2D3EB3238FBCFBD1D57E56E /* ProfileTabbarController.swift in Sources */,
				B2D3EC6910D4FCC55DB6CEF3 /* DashboardTabbarController.swift in Sources */,
				B2D3E82C464E8EDB57C76FC1 /* IncidentData.swift in Sources */,
			);
			runOnlyForDeploymentPostprocessing = 0;
		};
/* End PBXSourcesBuildPhase section */

/* Begin PBXVariantGroup section */
		6F8E4E192787391500D11B67 /* Localizable.strings */ = {
			isa = PBXVariantGroup;
			children = (
				6F8E4E182787391500D11B67 /* pt-BR */,
				6F8E4E1A2787391A00D11B67 /* pt-PT */,
				6F8E4E1B2787391B00D11B67 /* es */,
				6F8E4E1C2787392B00D11B67 /* en */,
			);
			name = Localizable.strings;
			sourceTree = "<group>";
		};
/* End PBXVariantGroup section */

/* Begin XCBuildConfiguration section */
		6FDE762E274816AF0050510C /* Debug */ = {
			isa = XCBuildConfiguration;
			buildSettings = {
				ALWAYS_SEARCH_USER_PATHS = NO;
				CLANG_ANALYZER_LOCALIZABILITY_NONLOCALIZED = YES;
				CLANG_ANALYZER_NONNULL = YES;
				CLANG_ANALYZER_NUMBER_OBJECT_CONVERSION = YES_AGGRESSIVE;
				CLANG_CXX_LANGUAGE_STANDARD = "gnu++17";
				CLANG_CXX_LIBRARY = "libc++";
				CLANG_ENABLE_MODULES = YES;
				CLANG_ENABLE_OBJC_ARC = YES;
				CLANG_ENABLE_OBJC_WEAK = YES;
				CLANG_WARN_BLOCK_CAPTURE_AUTORELEASING = YES;
				CLANG_WARN_BOOL_CONVERSION = YES;
				CLANG_WARN_COMMA = YES;
				CLANG_WARN_CONSTANT_CONVERSION = YES;
				CLANG_WARN_DEPRECATED_OBJC_IMPLEMENTATIONS = YES;
				CLANG_WARN_DIRECT_OBJC_ISA_USAGE = YES_ERROR;
				CLANG_WARN_DOCUMENTATION_COMMENTS = YES;
				CLANG_WARN_EMPTY_BODY = YES;
				CLANG_WARN_ENUM_CONVERSION = YES;
				CLANG_WARN_INFINITE_RECURSION = YES;
				CLANG_WARN_INT_CONVERSION = YES;
				CLANG_WARN_NON_LITERAL_NULL_CONVERSION = YES;
				CLANG_WARN_OBJC_IMPLICIT_RETAIN_SELF = YES;
				CLANG_WARN_OBJC_LITERAL_CONVERSION = YES;
				CLANG_WARN_OBJC_ROOT_CLASS = YES_ERROR;
				CLANG_WARN_QUOTED_INCLUDE_IN_FRAMEWORK_HEADER = YES;
				CLANG_WARN_RANGE_LOOP_ANALYSIS = YES;
				CLANG_WARN_STRICT_PROTOTYPES = YES;
				CLANG_WARN_SUSPICIOUS_MOVE = YES;
				CLANG_WARN_UNGUARDED_AVAILABILITY = YES_AGGRESSIVE;
				CLANG_WARN_UNREACHABLE_CODE = YES;
				CLANG_WARN__DUPLICATE_METHOD_MATCH = YES;
				COPY_PHASE_STRIP = NO;
				DEBUG_INFORMATION_FORMAT = dwarf;
				ENABLE_STRICT_OBJC_MSGSEND = YES;
				ENABLE_TESTABILITY = YES;
				GCC_C_LANGUAGE_STANDARD = gnu11;
				GCC_DYNAMIC_NO_PIC = NO;
				GCC_NO_COMMON_BLOCKS = YES;
				GCC_OPTIMIZATION_LEVEL = 0;
				GCC_PREPROCESSOR_DEFINITIONS = (
					"DEBUG=1",
					"$(inherited)",
				);
				GCC_WARN_64_TO_32_BIT_CONVERSION = YES;
				GCC_WARN_ABOUT_RETURN_TYPE = YES_ERROR;
				GCC_WARN_UNDECLARED_SELECTOR = YES;
				GCC_WARN_UNINITIALIZED_AUTOS = YES_AGGRESSIVE;
				GCC_WARN_UNUSED_FUNCTION = YES;
				GCC_WARN_UNUSED_VARIABLE = YES;
				IPHONEOS_DEPLOYMENT_TARGET = 15.0;
				MTL_ENABLE_DEBUG_INFO = INCLUDE_SOURCE;
				MTL_FAST_MATH = YES;
				ONLY_ACTIVE_ARCH = YES;
				SDKROOT = iphoneos;
				SWIFT_ACTIVE_COMPILATION_CONDITIONS = DEBUG;
				SWIFT_OPTIMIZATION_LEVEL = "-Onone";
			};
			name = Debug;
		};
		6FDE762F274816AF0050510C /* Release */ = {
			isa = XCBuildConfiguration;
			buildSettings = {
				ALWAYS_SEARCH_USER_PATHS = NO;
				CLANG_ANALYZER_LOCALIZABILITY_NONLOCALIZED = YES;
				CLANG_ANALYZER_NONNULL = YES;
				CLANG_ANALYZER_NUMBER_OBJECT_CONVERSION = YES_AGGRESSIVE;
				CLANG_CXX_LANGUAGE_STANDARD = "gnu++17";
				CLANG_CXX_LIBRARY = "libc++";
				CLANG_ENABLE_MODULES = YES;
				CLANG_ENABLE_OBJC_ARC = YES;
				CLANG_ENABLE_OBJC_WEAK = YES;
				CLANG_WARN_BLOCK_CAPTURE_AUTORELEASING = YES;
				CLANG_WARN_BOOL_CONVERSION = YES;
				CLANG_WARN_COMMA = YES;
				CLANG_WARN_CONSTANT_CONVERSION = YES;
				CLANG_WARN_DEPRECATED_OBJC_IMPLEMENTATIONS = YES;
				CLANG_WARN_DIRECT_OBJC_ISA_USAGE = YES_ERROR;
				CLANG_WARN_DOCUMENTATION_COMMENTS = YES;
				CLANG_WARN_EMPTY_BODY = YES;
				CLANG_WARN_ENUM_CONVERSION = YES;
				CLANG_WARN_INFINITE_RECURSION = YES;
				CLANG_WARN_INT_CONVERSION = YES;
				CLANG_WARN_NON_LITERAL_NULL_CONVERSION = YES;
				CLANG_WARN_OBJC_IMPLICIT_RETAIN_SELF = YES;
				CLANG_WARN_OBJC_LITERAL_CONVERSION = YES;
				CLANG_WARN_OBJC_ROOT_CLASS = YES_ERROR;
				CLANG_WARN_QUOTED_INCLUDE_IN_FRAMEWORK_HEADER = YES;
				CLANG_WARN_RANGE_LOOP_ANALYSIS = YES;
				CLANG_WARN_STRICT_PROTOTYPES = YES;
				CLANG_WARN_SUSPICIOUS_MOVE = YES;
				CLANG_WARN_UNGUARDED_AVAILABILITY = YES_AGGRESSIVE;
				CLANG_WARN_UNREACHABLE_CODE = YES;
				CLANG_WARN__DUPLICATE_METHOD_MATCH = YES;
				COPY_PHASE_STRIP = NO;
				DEBUG_INFORMATION_FORMAT = "dwarf-with-dsym";
				ENABLE_NS_ASSERTIONS = NO;
				ENABLE_STRICT_OBJC_MSGSEND = YES;
				GCC_C_LANGUAGE_STANDARD = gnu11;
				GCC_NO_COMMON_BLOCKS = YES;
				GCC_WARN_64_TO_32_BIT_CONVERSION = YES;
				GCC_WARN_ABOUT_RETURN_TYPE = YES_ERROR;
				GCC_WARN_UNDECLARED_SELECTOR = YES;
				GCC_WARN_UNINITIALIZED_AUTOS = YES_AGGRESSIVE;
				GCC_WARN_UNUSED_FUNCTION = YES;
				GCC_WARN_UNUSED_VARIABLE = YES;
				IPHONEOS_DEPLOYMENT_TARGET = 15.0;
				MTL_ENABLE_DEBUG_INFO = NO;
				MTL_FAST_MATH = YES;
				SDKROOT = iphoneos;
				SWIFT_COMPILATION_MODE = wholemodule;
				SWIFT_OPTIMIZATION_LEVEL = "-O";
				VALIDATE_PRODUCT = YES;
			};
			name = Release;
		};
		6FDE7631274816AF0050510C /* Debug */ = {
			isa = XCBuildConfiguration;
			baseConfigurationReference = 2CB0FB7AB48C9A02AAD5C16B /* Pods-qzela.debug.xcconfig */;
			buildSettings = {
				ASSETCATALOG_COMPILER_APPICON_NAME = AppIcon;
				ASSETCATALOG_COMPILER_GLOBAL_ACCENT_COLOR_NAME = AccentColor;
				CODE_SIGN_STYLE = Automatic;
				CURRENT_PROJECT_VERSION = 1;
				DEVELOPMENT_TEAM = CN8XHSS9HN;
				GENERATE_INFOPLIST_FILE = YES;
				INFOPLIST_FILE = qzela/Info.plist;
				INFOPLIST_KEY_NSCameraUsageDescription = "Please allow record video";
				INFOPLIST_KEY_NSFileProviderDomainUsageDescription = "Please allow access File Provider";
				INFOPLIST_KEY_NSLocationAlwaysAndWhenInUseUsageDescription = "Please allow access  to see your location";
				INFOPLIST_KEY_NSLocationAlwaysUsageDescription = "Please allow access  to see your location";
				INFOPLIST_KEY_NSLocationUsageDescription = "Please allow access  to see your location";
				INFOPLIST_KEY_NSLocationWhenInUseUsageDescription = "Please allow access  to see your location";
				INFOPLIST_KEY_NSMicrophoneUsageDescription = "Please allow access to record audio";
				INFOPLIST_KEY_NSPhotoLibraryAddUsageDescription = "Please allow access photo library";
				INFOPLIST_KEY_UIApplicationSupportsIndirectInputEvents = YES;
				INFOPLIST_KEY_UILaunchStoryboardName = LaunchScreen;
				INFOPLIST_KEY_UIMainStoryboardFile = Main;
				INFOPLIST_KEY_UISupportedInterfaceOrientations_iPad = "UIInterfaceOrientationPortrait UIInterfaceOrientationPortraitUpsideDown UIInterfaceOrientationLandscapeLeft UIInterfaceOrientationLandscapeRight";
				INFOPLIST_KEY_UISupportedInterfaceOrientations_iPhone = "UIInterfaceOrientationPortrait UIInterfaceOrientationLandscapeLeft UIInterfaceOrientationLandscapeRight";
				INFOPLIST_KEY_UIUserInterfaceStyle = light;
				LD_RUNPATH_SEARCH_PATHS = (
					"$(inherited)",
					"@executable_path/Frameworks",
				);
				MARKETING_VERSION = 1.0;
				PRODUCT_BUNDLE_IDENTIFIER = com.westarstg.qzela;
				PRODUCT_NAME = "$(TARGET_NAME)";
				SWIFT_EMIT_LOC_STRINGS = YES;
				SWIFT_VERSION = 5.0;
				TARGETED_DEVICE_FAMILY = "1,2";
			};
			name = Debug;
		};
		6FDE7632274816AF0050510C /* Release */ = {
			isa = XCBuildConfiguration;
			baseConfigurationReference = 2646426392D359D0DDEE7FDF /* Pods-qzela.release.xcconfig */;
			buildSettings = {
				ASSETCATALOG_COMPILER_APPICON_NAME = AppIcon;
				ASSETCATALOG_COMPILER_GLOBAL_ACCENT_COLOR_NAME = AccentColor;
				CODE_SIGN_STYLE = Automatic;
				CURRENT_PROJECT_VERSION = 1;
				DEVELOPMENT_TEAM = CN8XHSS9HN;
				GENERATE_INFOPLIST_FILE = YES;
				INFOPLIST_FILE = qzela/Info.plist;
				INFOPLIST_KEY_NSCameraUsageDescription = "Please allow record video";
				INFOPLIST_KEY_NSFileProviderDomainUsageDescription = "Please allow access File Provider";
				INFOPLIST_KEY_NSLocationAlwaysAndWhenInUseUsageDescription = "Please allow access  to see your location";
				INFOPLIST_KEY_NSLocationAlwaysUsageDescription = "Please allow access  to see your location";
				INFOPLIST_KEY_NSLocationUsageDescription = "Please allow access  to see your location";
				INFOPLIST_KEY_NSLocationWhenInUseUsageDescription = "Please allow access  to see your location";
				INFOPLIST_KEY_NSMicrophoneUsageDescription = "Please allow access to record audio";
				INFOPLIST_KEY_NSPhotoLibraryAddUsageDescription = "Please allow access photo library";
				INFOPLIST_KEY_UIApplicationSupportsIndirectInputEvents = YES;
				INFOPLIST_KEY_UILaunchStoryboardName = LaunchScreen;
				INFOPLIST_KEY_UIMainStoryboardFile = Main;
				INFOPLIST_KEY_UISupportedInterfaceOrientations_iPad = "UIInterfaceOrientationPortrait UIInterfaceOrientationPortraitUpsideDown UIInterfaceOrientationLandscapeLeft UIInterfaceOrientationLandscapeRight";
				INFOPLIST_KEY_UISupportedInterfaceOrientations_iPhone = "UIInterfaceOrientationPortrait UIInterfaceOrientationLandscapeLeft UIInterfaceOrientationLandscapeRight";
				INFOPLIST_KEY_UIUserInterfaceStyle = light;
				LD_RUNPATH_SEARCH_PATHS = (
					"$(inherited)",
					"@executable_path/Frameworks",
				);
				MARKETING_VERSION = 1.0;
				PRODUCT_BUNDLE_IDENTIFIER = com.westarstg.qzela;
				PRODUCT_NAME = "$(TARGET_NAME)";
				SWIFT_EMIT_LOC_STRINGS = YES;
				SWIFT_VERSION = 5.0;
				TARGETED_DEVICE_FAMILY = "1,2";
			};
			name = Release;
		};
/* End XCBuildConfiguration section */

/* Begin XCConfigurationList section */
		6FDE7617274816AD0050510C /* Build configuration list for PBXProject "qzela" */ = {
			isa = XCConfigurationList;
			buildConfigurations = (
				6FDE762E274816AF0050510C /* Debug */,
				6FDE762F274816AF0050510C /* Release */,
			);
			defaultConfigurationIsVisible = 0;
			defaultConfigurationName = Release;
		};
		6FDE7630274816AF0050510C /* Build configuration list for PBXNativeTarget "qzela" */ = {
			isa = XCConfigurationList;
			buildConfigurations = (
				6FDE7631274816AF0050510C /* Debug */,
				6FDE7632274816AF0050510C /* Release */,
			);
			defaultConfigurationIsVisible = 0;
			defaultConfigurationName = Release;
		};
/* End XCConfigurationList section */
	};
	rootObject = 6FDE7614274816AD0050510C /* Project object */;
}
